{
  "nodes": {
    "flake-utils": {
      "inputs": {
        "systems": "systems"
      },
      "locked": {
        "lastModified": 1710146030,
        "narHash": "sha256-SZ5L6eA7HJ/nmkzGG7/ISclqe6oZdOZTNoesiInkXPQ=",
        "owner": "numtide",
        "repo": "flake-utils",
        "rev": "b1d9ab70662946ef0850d488da1c9019f3a9752a",
        "type": "github"
      },
      "original": {
        "id": "flake-utils",
        "type": "indirect"
      }
    },
    "nixCats": {
      "inputs": {
        "nixpkgs": [
          "nixpkgs"
        ],
        "plugins-hlargs": "plugins-hlargs"
      },
      "locked": {
        "lastModified": 1719238130,
        "narHash": "sha256-+AZ58v+HHvP2BOD2DnvcoJE9Hps+vmYu+vVAadhSu3U=",
        "owner": "BirdeeHub",
        "repo": "nixCats-nvim",
        "rev": "646fba4e8c2aededf902c903a45cb3017f937916",
        "type": "github"
      },
      "original": {
        "owner": "BirdeeHub",
        "repo": "nixCats-nvim",
        "type": "github"
      }
    },
    "nixpkgs": {
      "locked": {
        "lastModified": 1719082008,
        "narHash": "sha256-jHJSUH619zBQ6WdC21fFAlDxHErKVDJ5fpN0Hgx4sjs=",
        "owner": "nixos",
        "repo": "nixpkgs",
        "rev": "9693852a2070b398ee123a329e68f0dab5526681",
        "type": "github"
      },
      "original": {
        "owner": "nixos",
        "ref": "nixpkgs-unstable",
        "repo": "nixpkgs",
        "type": "github"
      }
    },
    "plugins-accelerated-jk-nvim": {
      "flake": false,
      "locked": {
        "lastModified": 1677680961,
        "narHash": "sha256-zpjqCARlQU6g50s8wpaqN9xFK4tdUbrxU6MJrQZfSA8=",
        "owner": "rainbowhxch",
        "repo": "accelerated-jk.nvim",
        "rev": "8fb5dad4ccc1811766cebf16b544038aeeb7806f",
        "type": "github"
      },
      "original": {
        "owner": "rainbowhxch",
        "repo": "accelerated-jk.nvim",
        "type": "github"
      }
    },
    "plugins-cmp-luasnip-choice": {
      "flake": false,
      "locked": {
        "lastModified": 1668870200,
        "narHash": "sha256-GBQpalj0mUGumrEYOSN4glGqZECiKhTSkeAnIaTSALc=",
        "owner": "doxnit",
        "repo": "cmp-luasnip-choice",
        "rev": "97a367851bc17984b56164b5427a53919aed873a",
        "type": "github"
      },
      "original": {
        "owner": "doxnit",
        "repo": "cmp-luasnip-choice",
        "type": "github"
      }
    },
    "plugins-cutlass-nvim": {
      "flake": false,
      "locked": {
        "lastModified": 1702908963,
        "narHash": "sha256-zmS/JlcGW8hLWla01F2z9QMfnIYvWr5BkPCoZqzsAFw=",
        "owner": "gbprod",
        "repo": "cutlass.nvim",
        "rev": "1ac7e4b53d79410be52a9e464d44c60556282b3e",
        "type": "github"
      },
      "original": {
        "owner": "gbprod",
        "repo": "cutlass.nvim",
        "type": "github"
      }
    },
    "plugins-fold-cycle-nvim": {
      "flake": false,
      "locked": {
        "lastModified": 1716071921,
        "narHash": "sha256-vlRKOX51X41DF3zljOtn80DpAzy9J3GMMbLaP5ApjKk=",
        "owner": "jghauser",
        "repo": "fold-cycle.nvim",
        "rev": "20e9b468b771ebf33b6806a0e872eee53c5a20c9",
        "type": "github"
      },
      "original": {
        "owner": "jghauser",
        "repo": "fold-cycle.nvim",
        "type": "github"
      }
    },
    "plugins-heirline-components-nvim": {
      "flake": false,
      "locked": {
        "lastModified": 1718209926,
        "narHash": "sha256-lKyW8o0xYeq5bzCgImAbUHjnU2hJsbuzSQN9vmupFnU=",
        "owner": "Zeioth",
        "repo": "heirline-components.nvim",
        "rev": "2cb2702fe05479390b7cbd5cf97f3c3388270d63",
        "type": "github"
      },
      "original": {
        "owner": "Zeioth",
        "repo": "heirline-components.nvim",
        "type": "github"
      }
    },
    "plugins-hlargs": {
      "flake": false,
      "locked": {
        "lastModified": 1716054457,
        "narHash": "sha256-V3XG1SCBz+EvObW7JSNIUxGZLv6zoRXyap7nRETmUA8=",
        "owner": "m-demare",
        "repo": "hlargs.nvim",
        "rev": "30fe1b3de2b7614f061be4fc9c71984a2b87e50a",
        "type": "github"
      },
      "original": {
        "owner": "m-demare",
        "repo": "hlargs.nvim",
        "type": "github"
      }
    },
    "plugins-luasnip-snippets": {
      "flake": false,
      "locked": {
        "lastModified": 1712410416,
        "narHash": "sha256-S1F3asSzfmKLcL0f+8G080b3Kr8cwqiZC3hdU/zXgWM=",
        "owner": "mireq",
        "repo": "luasnip-snippets",
        "rev": "731fc02d4b2e30ef0fddd345f9cad5f261479b7c",
        "type": "github"
      },
      "original": {
        "owner": "mireq",
        "repo": "luasnip-snippets",
        "type": "github"
      }
    },
    "plugins-mini-animate": {
      "flake": false,
      "locked": {
        "lastModified": 1719149706,
        "narHash": "sha256-4kRc76xioRYB6qRzHtmqzwUVkR+r6ksN4BfeZlbB430=",
        "owner": "echasnovski",
        "repo": "mini.animate",
        "rev": "88d133a11c0dd0736bd081a8c014a6a60477776e",
        "type": "github"
      },
      "original": {
        "owner": "echasnovski",
        "repo": "mini.animate",
        "type": "github"
      }
    },
    "plugins-mini-hipatterns": {
      "flake": false,
      "locked": {
        "lastModified": 1719149709,
        "narHash": "sha256-TdnWk7cWtXiJP8ycDCPUieySgV3v/+8TSOdil2c8yxk=",
        "owner": "echasnovski",
        "repo": "mini.hipatterns",
        "rev": "5d28a7e3f399de64c4dbf71f8c6c3b633d986f15",
        "type": "github"
      },
      "original": {
        "owner": "echasnovski",
        "repo": "mini.hipatterns",
        "type": "github"
      }
    },
    "plugins-mini-surround": {
      "flake": false,
      "locked": {
        "lastModified": 1719149711,
        "narHash": "sha256-orxVdMm9KVJEvKfGJqAdXV6CFNRMoiOlAypdhdH9sOE=",
        "owner": "echasnovski",
        "repo": "mini.surround",
        "rev": "af280fc18792b4d142aab4c1638a8949a38ff33a",
        "type": "github"
      },
      "original": {
        "owner": "echasnovski",
        "repo": "mini.surround",
        "type": "github"
      }
    },
    "plugins-scrollEOF-nvim": {
      "flake": false,
      "locked": {
        "lastModified": 1710122089,
        "narHash": "sha256-n36L6mtayKtXI/orwf0B72sFpgAKZ0HU4vv2UxKexvU=",
        "owner": "Aasim-A",
        "repo": "scrollEOF.nvim",
        "rev": "38fd5880021e90c15dc61fa325f714bd8077f0a6",
        "type": "github"
      },
      "original": {
        "owner": "Aasim-A",
        "repo": "scrollEOF.nvim",
        "type": "github"
      }
    },
    "plugins-telescope-egrepify-nvim": {
      "flake": false,
      "locked": {
        "lastModified": 1706688430,
        "narHash": "sha256-6ClthSvXBYRNBVl40H4Dpob5CfhrrXjgdDFi5HQelJc=",
        "owner": "fdschmidt93",
        "repo": "telescope-egrepify.nvim",
        "rev": "728dc1b7f31297876c3a3254fc6108108b6a9e9d",
        "type": "github"
      },
      "original": {
        "owner": "fdschmidt93",
        "repo": "telescope-egrepify.nvim",
        "type": "github"
      }
    },
    "root": {
      "inputs": {
        "flake-utils": "flake-utils",
        "nixCats": "nixCats",
        "nixpkgs": "nixpkgs",
        "plugins-accelerated-jk-nvim": "plugins-accelerated-jk-nvim",
        "plugins-cmp-luasnip-choice": "plugins-cmp-luasnip-choice",
        "plugins-cutlass-nvim": "plugins-cutlass-nvim",
        "plugins-fold-cycle-nvim": "plugins-fold-cycle-nvim",
        "plugins-heirline-components-nvim": "plugins-heirline-components-nvim",
        "plugins-luasnip-snippets": "plugins-luasnip-snippets",
        "plugins-mini-animate": "plugins-mini-animate",
        "plugins-mini-hipatterns": "plugins-mini-hipatterns",
        "plugins-mini-surround": "plugins-mini-surround",
        "plugins-scrollEOF-nvim": "plugins-scrollEOF-nvim",
        "plugins-telescope-egrepify-nvim": "plugins-telescope-egrepify-nvim",
        "treesitter-kanata": "treesitter-kanata"
      }
    },
    "systems": {
      "locked": {
        "lastModified": 1681028828,
        "narHash": "sha256-Vy1rq5AaRuLzOxct8nz4T6wlgyUR7zLU309k9mBC768=",
        "owner": "nix-systems",
        "repo": "default",
        "rev": "da67096a3b9bf56a91d16901293e51ba5b49a27e",
        "type": "github"
      },
      "original": {
        "owner": "nix-systems",
        "repo": "default",
        "type": "github"
      }
    },
    "treesitter-kanata": {
      "flake": false,
      "locked": {
        "lastModified": 1713627792,
        "narHash": "sha256-C1JEvaSJAwV/040KAjAK2aX+jdkIMVixr78c7jY0COU=",
        "owner": "postsolar",
        "repo": "tree-sitter-kanata",
        "rev": "a6213d06ea6efa432702bbbc6b4c5dcddc21df2a",
        "type": "github"
      },
      "original": {
        "owner": "postsolar",
        "repo": "tree-sitter-kanata",
        "type": "github"
      }
    }
  },
  "root": "root",
  "version": 7
}
