{
  "nodes": {
    "flake-utils": {
      "inputs": {
        "systems": "systems"
      },
      "locked": {
        "lastModified": 1710146030,
        "narHash": "sha256-SZ5L6eA7HJ/nmkzGG7/ISclqe6oZdOZTNoesiInkXPQ=",
        "owner": "numtide",
        "repo": "flake-utils",
        "rev": "b1d9ab70662946ef0850d488da1c9019f3a9752a",
        "type": "github"
      },
      "original": {
        "id": "flake-utils",
        "type": "indirect"
      }
    },
    "nixCats": {
      "inputs": {
        "nixpkgs": [
          "nixpkgs"
        ]
      },
      "locked": {
        "lastModified": 1723139509,
        "narHash": "sha256-oIIMcmStiYn1KlG6AOTzgbXhGnJfWjRZMLVfwYildRs=",
        "owner": "BirdeeHub",
        "repo": "nixCats-nvim",
        "rev": "efcff55c2b833269becd40d1970baf1e888eba86",
        "type": "github"
      },
      "original": {
        "owner": "BirdeeHub",
        "repo": "nixCats-nvim",
        "type": "github"
      }
    },
    "nixpkgs": {
      "locked": {
        "lastModified": 1723019560,
        "narHash": "sha256-O/kxmybNecC3Efr6ITOdtCzFv90/B2Iiedavj5aRWt0=",
        "owner": "nixos",
        "repo": "nixpkgs",
        "rev": "f5129fb42b9c262318130a97b47516946da3e7d7",
        "type": "github"
      },
      "original": {
        "owner": "nixos",
        "ref": "nixpkgs-unstable",
        "repo": "nixpkgs",
        "type": "github"
      }
    },
    "plugins-accelerated-jk-nvim": {
      "flake": false,
      "locked": {
        "lastModified": 1677680961,
        "narHash": "sha256-zpjqCARlQU6g50s8wpaqN9xFK4tdUbrxU6MJrQZfSA8=",
        "owner": "rainbowhxch",
        "repo": "accelerated-jk.nvim",
        "rev": "8fb5dad4ccc1811766cebf16b544038aeeb7806f",
        "type": "github"
      },
      "original": {
        "owner": "rainbowhxch",
        "repo": "accelerated-jk.nvim",
        "type": "github"
      }
    },
    "plugins-cmp-luasnip-choice": {
      "flake": false,
      "locked": {
        "lastModified": 1668870200,
        "narHash": "sha256-GBQpalj0mUGumrEYOSN4glGqZECiKhTSkeAnIaTSALc=",
        "owner": "doxnit",
        "repo": "cmp-luasnip-choice",
        "rev": "97a367851bc17984b56164b5427a53919aed873a",
        "type": "github"
      },
      "original": {
        "owner": "doxnit",
        "repo": "cmp-luasnip-choice",
        "type": "github"
      }
    },
    "plugins-cutlass-nvim": {
      "flake": false,
      "locked": {
        "lastModified": 1702908963,
        "narHash": "sha256-zmS/JlcGW8hLWla01F2z9QMfnIYvWr5BkPCoZqzsAFw=",
        "owner": "gbprod",
        "repo": "cutlass.nvim",
        "rev": "1ac7e4b53d79410be52a9e464d44c60556282b3e",
        "type": "github"
      },
      "original": {
        "owner": "gbprod",
        "repo": "cutlass.nvim",
        "type": "github"
      }
    },
    "plugins-fold-cycle-nvim": {
      "flake": false,
      "locked": {
        "lastModified": 1716071921,
        "narHash": "sha256-vlRKOX51X41DF3zljOtn80DpAzy9J3GMMbLaP5ApjKk=",
        "owner": "jghauser",
        "repo": "fold-cycle.nvim",
        "rev": "20e9b468b771ebf33b6806a0e872eee53c5a20c9",
        "type": "github"
      },
      "original": {
        "owner": "jghauser",
        "repo": "fold-cycle.nvim",
        "type": "github"
      }
    },
    "plugins-heirline-components-nvim": {
      "flake": false,
      "locked": {
        "lastModified": 1722706075,
        "narHash": "sha256-fHXGeiLnWdfFhUmj/s/cDHt4CtsR7g5mP2gV2G3IBlI=",
        "owner": "Zeioth",
        "repo": "heirline-components.nvim",
        "rev": "afac96bc6b203a6dc5dcf345ffc238d560fda4e7",
        "type": "github"
      },
      "original": {
        "owner": "Zeioth",
        "repo": "heirline-components.nvim",
        "type": "github"
      }
    },
    "plugins-luasnip-snippets": {
      "flake": false,
      "locked": {
        "lastModified": 1723010854,
        "narHash": "sha256-E/GatXX62CUA4OhZuaUNDELwzm2M0NBVm10h4GgYBYI=",
        "owner": "mireq",
        "repo": "luasnip-snippets",
        "rev": "849f7010eca25924d6bb207a6aeea3bb3218e217",
        "type": "github"
      },
      "original": {
        "owner": "mireq",
        "repo": "luasnip-snippets",
        "type": "github"
      }
    },
    "plugins-mini-animate": {
      "flake": false,
      "locked": {
        "lastModified": 1719822500,
        "narHash": "sha256-Pql/g9ouKvHnsmzldcx+zIPvxyJrMdYz4aXSkoGlSs8=",
        "owner": "echasnovski",
        "repo": "mini.animate",
        "rev": "320fb35460238c436407cd779f63abad98e84870",
        "type": "github"
      },
      "original": {
        "owner": "echasnovski",
        "repo": "mini.animate",
        "type": "github"
      }
    },
    "plugins-mini-hipatterns": {
      "flake": false,
      "locked": {
        "lastModified": 1721725596,
        "narHash": "sha256-2ItJzAf3noQDSuj2Di7SLffVtK6iePe6i3mMYjzXGi0=",
        "owner": "echasnovski",
        "repo": "mini.hipatterns",
        "rev": "1811b0661721285fc83494d2e687d538fb3ddac8",
        "type": "github"
      },
      "original": {
        "owner": "echasnovski",
        "repo": "mini.hipatterns",
        "type": "github"
      }
    },
    "plugins-mini-surround": {
      "flake": false,
      "locked": {
        "lastModified": 1720876832,
        "narHash": "sha256-XjF+F88wCom/ZLdosAFhdj8G+ECeqQvB8bk+k70TjHc=",
        "owner": "echasnovski",
        "repo": "mini.surround",
        "rev": "57caca9525cec0ea771a67326b0ee637d056078a",
        "type": "github"
      },
      "original": {
        "owner": "echasnovski",
        "repo": "mini.surround",
        "type": "github"
      }
    },
    "plugins-scrollEOF-nvim": {
      "flake": false,
      "locked": {
        "lastModified": 1710122089,
        "narHash": "sha256-n36L6mtayKtXI/orwf0B72sFpgAKZ0HU4vv2UxKexvU=",
        "owner": "Aasim-A",
        "repo": "scrollEOF.nvim",
        "rev": "38fd5880021e90c15dc61fa325f714bd8077f0a6",
        "type": "github"
      },
      "original": {
        "owner": "Aasim-A",
        "repo": "scrollEOF.nvim",
        "type": "github"
      }
    },
    "plugins-telescope-egrepify-nvim": {
      "flake": false,
      "locked": {
        "lastModified": 1720707261,
        "narHash": "sha256-Uj70V4LypoTKgDLDXZfRr6eV584iuO+12EMneHVAvkQ=",
        "owner": "fdschmidt93",
        "repo": "telescope-egrepify.nvim",
        "rev": "a30396791c3f67b8f34d42dfc26db2f868ae9154",
        "type": "github"
      },
      "original": {
        "owner": "fdschmidt93",
        "repo": "telescope-egrepify.nvim",
        "type": "github"
      }
    },
    "plugins-tiny-code-action-nvim": {
      "flake": false,
      "locked": {
        "lastModified": 1722604456,
        "narHash": "sha256-p1Q0j+cpOg/vDik2p/eO+6U2z58jJVFBUe40lHHjEac=",
        "owner": "rachartier",
        "repo": "tiny-code-action.nvim",
        "rev": "57d7f97924859a14b089146bd97b84058a500cfb",
        "type": "github"
      },
      "original": {
        "owner": "rachartier",
        "repo": "tiny-code-action.nvim",
        "type": "github"
      }
    },
    "plugins-yazi-nvim": {
      "flake": false,
      "locked": {
        "lastModified": 1723141286,
        "narHash": "sha256-T6i3rrv3lj5Y1VeIDuklnEj4zvDJVtx4kJrCNUyAcjg=",
        "owner": "mikavilpas",
        "repo": "yazi.nvim",
        "rev": "4e549120e1ff2702b6ea1eff3640a879fffb2141",
        "type": "github"
      },
      "original": {
        "owner": "mikavilpas",
        "repo": "yazi.nvim",
        "type": "github"
      }
    },
    "root": {
      "inputs": {
        "flake-utils": "flake-utils",
        "nixCats": "nixCats",
        "nixpkgs": "nixpkgs",
        "plugins-accelerated-jk-nvim": "plugins-accelerated-jk-nvim",
        "plugins-cmp-luasnip-choice": "plugins-cmp-luasnip-choice",
        "plugins-cutlass-nvim": "plugins-cutlass-nvim",
        "plugins-fold-cycle-nvim": "plugins-fold-cycle-nvim",
        "plugins-heirline-components-nvim": "plugins-heirline-components-nvim",
        "plugins-luasnip-snippets": "plugins-luasnip-snippets",
        "plugins-mini-animate": "plugins-mini-animate",
        "plugins-mini-hipatterns": "plugins-mini-hipatterns",
        "plugins-mini-surround": "plugins-mini-surround",
        "plugins-scrollEOF-nvim": "plugins-scrollEOF-nvim",
        "plugins-telescope-egrepify-nvim": "plugins-telescope-egrepify-nvim",
        "plugins-tiny-code-action-nvim": "plugins-tiny-code-action-nvim",
        "plugins-yazi-nvim": "plugins-yazi-nvim",
        "treesitter-kanata": "treesitter-kanata"
      }
    },
    "systems": {
      "locked": {
        "lastModified": 1681028828,
        "narHash": "sha256-Vy1rq5AaRuLzOxct8nz4T6wlgyUR7zLU309k9mBC768=",
        "owner": "nix-systems",
        "repo": "default",
        "rev": "da67096a3b9bf56a91d16901293e51ba5b49a27e",
        "type": "github"
      },
      "original": {
        "owner": "nix-systems",
        "repo": "default",
        "type": "github"
      }
    },
    "treesitter-kanata": {
      "flake": false,
      "locked": {
        "lastModified": 1713627792,
        "narHash": "sha256-C1JEvaSJAwV/040KAjAK2aX+jdkIMVixr78c7jY0COU=",
        "owner": "postsolar",
        "repo": "tree-sitter-kanata",
        "rev": "a6213d06ea6efa432702bbbc6b4c5dcddc21df2a",
        "type": "github"
      },
      "original": {
        "owner": "postsolar",
        "repo": "tree-sitter-kanata",
        "type": "github"
      }
    }
  },
  "root": "root",
  "version": 7
}
